Microsoft Visual Studio Solution File, Format Version 11.00
# Visual Studio 2008

Project("{6907B869-2FB0-4B36-AB78-F1238A876284}") = "LC", "Assembly-CSharp-firstpass.csproj", "{A424BA79-85F0-9E69-09BD-3FE92D3A2E58}"
EndProject
Project("{6907B869-2FB0-4B36-AB78-F1238A876284}") = "LC", "Assembly-CSharp.csproj", "{6519F18E-C771-E7A2-9707-90CBA40AB104}"
EndProject
Project("{6907B869-2FB0-4B36-AB78-F1238A876284}") = "LC", "Assembly-CSharp-Editor.csproj", "{0EC2B957-A32A-7043-CC42-B0B47DE97F2F}"
EndProject
Global
	GlobalSection(SolutionConfigurationPlatforms) = preSolution
		Debug|Any CPU = Debug|Any CPU
		Release|Any CPU = Release|Any CPU
	EndGlobalSection
	GlobalSection(ProjectConfigurationPlatforms) = postSolution
		{A424BA79-85F0-9E69-09BD-3FE92D3A2E58}.Debug|Any CPU.ActiveCfg = Debug|Any CPU
		{A424BA79-85F0-9E69-09BD-3FE92D3A2E58}.Debug|Any CPU.Build.0 = Debug|Any CPU
		{A424BA79-85F0-9E69-09BD-3FE92D3A2E58}.Release|Any CPU.ActiveCfg = Release|Any CPU
		{A424BA79-85F0-9E69-09BD-3FE92D3A2E58}.Release|Any CPU.Build.0 = Release|Any CPU
		{6519F18E-C771-E7A2-9707-90CBA40AB104}.Debug|Any CPU.ActiveCfg = Debug|Any CPU
		{6519F18E-C771-E7A2-9707-90CBA40AB104}.Debug|Any CPU.Build.0 = Debug|Any CPU
		{6519F18E-C771-E7A2-9707-90CBA40AB104}.Release|Any CPU.ActiveCfg = Release|Any CPU
		{6519F18E-C771-E7A2-9707-90CBA40AB104}.Release|Any CPU.Build.0 = Release|Any CPU
		{0EC2B957-A32A-7043-CC42-B0B47DE97F2F}.Debug|Any CPU.ActiveCfg = Debug|Any CPU
		{0EC2B957-A32A-7043-CC42-B0B47DE97F2F}.Debug|Any CPU.Build.0 = Debug|Any CPU
		{0EC2B957-A32A-7043-CC42-B0B47DE97F2F}.Release|Any CPU.ActiveCfg = Release|Any CPU
		{0EC2B957-A32A-7043-CC42-B0B47DE97F2F}.Release|Any CPU.Build.0 = Release|Any CPU
	EndGlobalSection
	GlobalSection(SolutionProperties) = preSolution
		HideSolutionNode = FALSE
	EndGlobalSection
	GlobalSection(MonoDevelopProperties) = preSolution
		StartupItem = Assembly-CSharp.csproj
	EndGlobalSection
EndGlobal
